
Microsoft Visual Studio Solution File, Format Version 12.00
# Visual Studio Express 2012 for Windows Desktop
Project("{FAE04EC0-301F-11D3-BF4B-00C04F79EFBC}") = "Bridge_Pattern_Example", "Bridge_Pattern_Example\Bridge_Pattern_Example.csproj", "{4DAA6873-002C-41DF-9E67-5D1D8E35791E}"
EndProject
Global
	GlobalSection(SolutionConfigurationPlatforms) = preSolution
		Debug|Any CPU = Debug|Any CPU
		Release|Any CPU = Release|Any CPU
	EndGlobalSection
	GlobalSection(ProjectConfigurationPlatforms) = postSolution
		{4DAA6873-002C-41DF-9E67-5D1D8E35791E}.Debug|Any CPU.ActiveCfg = Debug|Any CPU
		{4DAA6873-002C-41DF-9E67-5D1D8E35791E}.Debug|Any CPU.Build.0 = Debug|Any CPU
		{4DAA6873-002C-41DF-9E67-5D1D8E35791E}.Release|Any CPU.ActiveCfg = Release|Any CPU
		{4DAA6873-002C-41DF-9E67-5D1D8E35791E}.Release|Any CPU.Build.0 = Release|Any CPU
	EndGlobalSection
	GlobalSection(SolutionProperties) = preSolution
		HideSolutionNode = FALSE
	EndGlobalSection
EndGlobal
